
Microsoft Visual Studio Solution File, Format Version 12.00
# Visual Studio Version 17
VisualStudioVersion = 17.2.32630.192
MinimumVisualStudioVersion = 10.0.40219.1
Project("{9A19103F-16F7-4668-BE54-9A1E7A4F7556}") = "Domain", "domain\Domain.csproj", "{EB17E703-99A2-4111-8591-3BF946A02BDC}"
EndProject
Project("{9A19103F-16F7-4668-BE54-9A1E7A4F7556}") = "Data", "Data\Data.csproj", "{F1C48AEE-0323-4F87-850D-7996FFCB870B}"
EndProject
Project("{FAE04EC0-301F-11D3-BF4B-00C04F79EFBC}") = "ConsoleApp1", "ConsoleApp1\ConsoleApp1.csproj", "{3399F359-7856-47B2-BCEC-77D7DC7F2606}"
EndProject
Global
	GlobalSection(SolutionConfigurationPlatforms) = preSolution
		Debug|Any CPU = Debug|Any CPU
		Release|Any CPU = Release|Any CPU
	EndGlobalSection
	GlobalSection(ProjectConfigurationPlatforms) = postSolution
		{EB17E703-99A2-4111-8591-3BF946A02BDC}.Debug|Any CPU.ActiveCfg = Debug|Any CPU
		{EB17E703-99A2-4111-8591-3BF946A02BDC}.Debug|Any CPU.Build.0 = Debug|Any CPU
		{EB17E703-99A2-4111-8591-3BF946A02BDC}.Release|Any CPU.ActiveCfg = Release|Any CPU
		{EB17E703-99A2-4111-8591-3BF946A02BDC}.Release|Any CPU.Build.0 = Release|Any CPU
		{F1C48AEE-0323-4F87-850D-7996FFCB870B}.Debug|Any CPU.ActiveCfg = Debug|Any CPU
		{F1C48AEE-0323-4F87-850D-7996FFCB870B}.Debug|Any CPU.Build.0 = Debug|Any CPU
		{F1C48AEE-0323-4F87-850D-7996FFCB870B}.Release|Any CPU.ActiveCfg = Release|Any CPU
		{F1C48AEE-0323-4F87-850D-7996FFCB870B}.Release|Any CPU.Build.0 = Release|Any CPU
		{3399F359-7856-47B2-BCEC-77D7DC7F2606}.Debug|Any CPU.ActiveCfg = Debug|Any CPU
		{3399F359-7856-47B2-BCEC-77D7DC7F2606}.Debug|Any CPU.Build.0 = Debug|Any CPU
		{3399F359-7856-47B2-BCEC-77D7DC7F2606}.Release|Any CPU.ActiveCfg = Release|Any CPU
		{3399F359-7856-47B2-BCEC-77D7DC7F2606}.Release|Any CPU.Build.0 = Release|Any CPU
	EndGlobalSection
	GlobalSection(SolutionProperties) = preSolution
		HideSolutionNode = FALSE
	EndGlobalSection
	GlobalSection(ExtensibilityGlobals) = postSolution
		SolutionGuid = {B475B5BB-E7BC-4E77-826D-6298D5B01E57}
	EndGlobalSection
EndGlobal
